
Microsoft Visual Studio Solution File, Format Version 12.00
# Visual Studio Version 17
VisualStudioVersion = 17.3.32819.101
MinimumVisualStudioVersion = 10.0.40219.1
Project("{9A19103F-16F7-4668-BE54-9A1E7A4F7556}") = "NexusAop", "src\NexusAop\NexusAop.csproj", "{5D0566AD-21FD-4ED8-93E4-D830EDB92893}"
EndProject
Project("{9A19103F-16F7-4668-BE54-9A1E7A4F7556}") = "NexusAop.Console", "samples\NexusAop.Console\NexusAop.Console.csproj", "{D12BDF24-D53E-44E7-A285-83ABF0AC30DE}"
EndProject
Project("{2150E333-8FDC-42A3-9474-1A3956D46DE8}") = "src", "src", "{9DD476F7-CC4D-42DC-9041-7B4D1CCF2830}"
EndProject
Project("{2150E333-8FDC-42A3-9474-1A3956D46DE8}") = "samples", "samples", "{983DCF62-8F24-4F47-A12A-99C62939A80B}"
EndProject
Global
	GlobalSection(SolutionConfigurationPlatforms) = preSolution
		Debug|Any CPU = Debug|Any CPU
		Release|Any CPU = Release|Any CPU
	EndGlobalSection
	GlobalSection(ProjectConfigurationPlatforms) = postSolution
		{5D0566AD-21FD-4ED8-93E4-D830EDB92893}.Debug|Any CPU.ActiveCfg = Debug|Any CPU
		{5D0566AD-21FD-4ED8-93E4-D830EDB92893}.Debug|Any CPU.Build.0 = Debug|Any CPU
		{5D0566AD-21FD-4ED8-93E4-D830EDB92893}.Release|Any CPU.ActiveCfg = Release|Any CPU
		{5D0566AD-21FD-4ED8-93E4-D830EDB92893}.Release|Any CPU.Build.0 = Release|Any CPU
		{D12BDF24-D53E-44E7-A285-83ABF0AC30DE}.Debug|Any CPU.ActiveCfg = Debug|Any CPU
		{D12BDF24-D53E-44E7-A285-83ABF0AC30DE}.Debug|Any CPU.Build.0 = Debug|Any CPU
		{D12BDF24-D53E-44E7-A285-83ABF0AC30DE}.Release|Any CPU.ActiveCfg = Release|Any CPU
		{D12BDF24-D53E-44E7-A285-83ABF0AC30DE}.Release|Any CPU.Build.0 = Release|Any CPU
	EndGlobalSection
	GlobalSection(SolutionProperties) = preSolution
		HideSolutionNode = FALSE
	EndGlobalSection
	GlobalSection(ExtensibilityGlobals) = postSolution
		SolutionGuid = {4563CA94-0BBE-4116-AFE8-B356AD0D0403}
	EndGlobalSection
	GlobalSection(NestedProjects) = preSolution
		{5D0566AD-21FD-4ED8-93E4-D830EDB92893} = {9DD476F7-CC4D-42DC-9041-7B4D1CCF2830}
		{D12BDF24-D53E-44E7-A285-83ABF0AC30DE} = {983DCF62-8F24-4F47-A12A-99C62939A80B}
	EndGlobalSection
EndGlobal
