
Microsoft Visual Studio Solution File, Format Version 12.00
Project("{FAE04EC0-301F-11D3-BF4B-00C04F79EFBC}") = "NexusAop", "NexusAop\NexusAop.csproj", "{5D0566AD-21FD-4ED8-93E4-D830EDB92893}"
EndProject
Project("{FAE04EC0-301F-11D3-BF4B-00C04F79EFBC}") = "NexusAop.Console", "NexusAop.Console\NexusAop.Console.csproj", "{D12BDF24-D53E-44E7-A285-83ABF0AC30DE}"
EndProject
Global
	GlobalSection(SolutionConfigurationPlatforms) = preSolution
		Debug|Any CPU = Debug|Any CPU
		Release|Any CPU = Release|Any CPU
	EndGlobalSection
	GlobalSection(ProjectConfigurationPlatforms) = postSolution
		{5D0566AD-21FD-4ED8-93E4-D830EDB92893}.Debug|Any CPU.ActiveCfg = Debug|Any CPU
		{5D0566AD-21FD-4ED8-93E4-D830EDB92893}.Debug|Any CPU.Build.0 = Debug|Any CPU
		{5D0566AD-21FD-4ED8-93E4-D830EDB92893}.Release|Any CPU.ActiveCfg = Release|Any CPU
		{5D0566AD-21FD-4ED8-93E4-D830EDB92893}.Release|Any CPU.Build.0 = Release|Any CPU
		{D12BDF24-D53E-44E7-A285-83ABF0AC30DE}.Debug|Any CPU.ActiveCfg = Debug|Any CPU
		{D12BDF24-D53E-44E7-A285-83ABF0AC30DE}.Debug|Any CPU.Build.0 = Debug|Any CPU
		{D12BDF24-D53E-44E7-A285-83ABF0AC30DE}.Release|Any CPU.ActiveCfg = Release|Any CPU
		{D12BDF24-D53E-44E7-A285-83ABF0AC30DE}.Release|Any CPU.Build.0 = Release|Any CPU
	EndGlobalSection
EndGlobal
